
Microsoft Visual Studio Solution File, Format Version 12.00
Project("{FAE04EC0-301F-11D3-BF4B-00C04F79EFBC}") = "ServerList", "ServerList.csproj", "{EDC6EB57-DC22-4B96-ABA5-6BBE36DCCFCF}"
EndProject
Global
	GlobalSection(SolutionConfigurationPlatforms) = preSolution
		Debug|Any CPU = Debug|Any CPU
		Release|Any CPU = Release|Any CPU
	EndGlobalSection
	GlobalSection(ProjectConfigurationPlatforms) = postSolution
		{EDC6EB57-DC22-4B96-ABA5-6BBE36DCCFCF}.Debug|Any CPU.ActiveCfg = Debug|Any CPU
		{EDC6EB57-DC22-4B96-ABA5-6BBE36DCCFCF}.Debug|Any CPU.Build.0 = Debug|Any CPU
		{EDC6EB57-DC22-4B96-ABA5-6BBE36DCCFCF}.Release|Any CPU.ActiveCfg = Release|Any CPU
		{EDC6EB57-DC22-4B96-ABA5-6BBE36DCCFCF}.Release|Any CPU.Build.0 = Release|Any CPU
	EndGlobalSection
EndGlobal
